
Microsoft Visual Studio Solution File, Format Version 12.00
# Visual Studio Version 17
VisualStudioVersion = 17.3.32929.385
MinimumVisualStudioVersion = 10.0.40219.1
Project("{FAE04EC0-301F-11D3-BF4B-00C04F79EFBC}") = "AdventOfCode01", "AdventOfCode01.csproj", "{9B50D542-99C2-4FA6-AD3C-9290C09A00A6}"
EndProject
Global
	GlobalSection(SolutionConfigurationPlatforms) = preSolution
		Debug|Any CPU = Debug|Any CPU
		Release|Any CPU = Release|Any CPU
	EndGlobalSection
	GlobalSection(ProjectConfigurationPlatforms) = postSolution
		{9B50D542-99C2-4FA6-AD3C-9290C09A00A6}.Debug|Any CPU.ActiveCfg = Debug|Any CPU
		{9B50D542-99C2-4FA6-AD3C-9290C09A00A6}.Debug|Any CPU.Build.0 = Debug|Any CPU
		{9B50D542-99C2-4FA6-AD3C-9290C09A00A6}.Release|Any CPU.ActiveCfg = Release|Any CPU
		{9B50D542-99C2-4FA6-AD3C-9290C09A00A6}.Release|Any CPU.Build.0 = Release|Any CPU
	EndGlobalSection
	GlobalSection(SolutionProperties) = preSolution
		HideSolutionNode = FALSE
	EndGlobalSection
	GlobalSection(ExtensibilityGlobals) = postSolution
		SolutionGuid = {8ADA88AE-4C8D-4819-9608-85B4F328F2F0}
	EndGlobalSection
EndGlobal
