
Microsoft Visual Studio Solution File, Format Version 12.00
# Visual Studio Version 17
VisualStudioVersion = 17.3.32929.385
MinimumVisualStudioVersion = 10.0.40219.1
Project("{FAE04EC0-301F-11D3-BF4B-00C04F79EFBC}") = "AdventOfCode02", "AdventOfCode02.csproj", "{D3471B17-B81A-4C9F-AA88-46DC9C2C510F}"
EndProject
Global
	GlobalSection(SolutionConfigurationPlatforms) = preSolution
		Debug|Any CPU = Debug|Any CPU
		Release|Any CPU = Release|Any CPU
	EndGlobalSection
	GlobalSection(ProjectConfigurationPlatforms) = postSolution
		{D3471B17-B81A-4C9F-AA88-46DC9C2C510F}.Debug|Any CPU.ActiveCfg = Debug|Any CPU
		{D3471B17-B81A-4C9F-AA88-46DC9C2C510F}.Debug|Any CPU.Build.0 = Debug|Any CPU
		{D3471B17-B81A-4C9F-AA88-46DC9C2C510F}.Release|Any CPU.ActiveCfg = Release|Any CPU
		{D3471B17-B81A-4C9F-AA88-46DC9C2C510F}.Release|Any CPU.Build.0 = Release|Any CPU
	EndGlobalSection
	GlobalSection(SolutionProperties) = preSolution
		HideSolutionNode = FALSE
	EndGlobalSection
	GlobalSection(ExtensibilityGlobals) = postSolution
		SolutionGuid = {5F98A568-744B-4CFF-AE88-E2967C37C650}
	EndGlobalSection
EndGlobal
